
Microsoft Visual Studio Solution File, Format Version 12.00
Project("{FAE04EC0-301F-11D3-BF4B-00C04F79EFBC}") = "MagicBytesValidator", "MagicBytesValidator\MagicBytesValidator.csproj", "{E944E89C-D807-45B8-9173-33DD42116BB3}"
EndProject
Project("{FAE04EC0-301F-11D3-BF4B-00C04F79EFBC}") = "MagicBytesValidator.Tests", "MagicBytesValidator.Tests\MagicBytesValidator.Tests.csproj", "{B23AB832-C861-448A-A44F-DC46E1884FB0}"
EndProject
Global
	GlobalSection(SolutionConfigurationPlatforms) = preSolution
		Debug|Any CPU = Debug|Any CPU
		Release|Any CPU = Release|Any CPU
	EndGlobalSection
	GlobalSection(ProjectConfigurationPlatforms) = postSolution
		{E944E89C-D807-45B8-9173-33DD42116BB3}.Debug|Any CPU.ActiveCfg = Debug|Any CPU
		{E944E89C-D807-45B8-9173-33DD42116BB3}.Debug|Any CPU.Build.0 = Debug|Any CPU
		{E944E89C-D807-45B8-9173-33DD42116BB3}.Release|Any CPU.ActiveCfg = Release|Any CPU
		{E944E89C-D807-45B8-9173-33DD42116BB3}.Release|Any CPU.Build.0 = Release|Any CPU
		{B23AB832-C861-448A-A44F-DC46E1884FB0}.Debug|Any CPU.ActiveCfg = Debug|Any CPU
		{B23AB832-C861-448A-A44F-DC46E1884FB0}.Debug|Any CPU.Build.0 = Debug|Any CPU
		{B23AB832-C861-448A-A44F-DC46E1884FB0}.Release|Any CPU.ActiveCfg = Release|Any CPU
		{B23AB832-C861-448A-A44F-DC46E1884FB0}.Release|Any CPU.Build.0 = Release|Any CPU
	EndGlobalSection
EndGlobal
